
Microsoft Visual Studio Solution File, Format Version 12.00
# Visual Studio Version 17
VisualStudioVersion = 17.2.32427.441
MinimumVisualStudioVersion = 10.0.40219.1
Project("{9A19103F-16F7-4668-BE54-9A1E7A4F7556}") = "GitHubPagesTest", "Github PagesTest\GitHubPagesTest.csproj", "{056F68F5-45A8-4732-BF43-6FC892F1E1DC}"
EndProject
Global
	GlobalSection(SolutionConfigurationPlatforms) = preSolution
		Debug|Any CPU = Debug|Any CPU
		Release|Any CPU = Release|Any CPU
	EndGlobalSection
	GlobalSection(ProjectConfigurationPlatforms) = postSolution
		{056F68F5-45A8-4732-BF43-6FC892F1E1DC}.Debug|Any CPU.ActiveCfg = Debug|Any CPU
		{056F68F5-45A8-4732-BF43-6FC892F1E1DC}.Debug|Any CPU.Build.0 = Debug|Any CPU
		{056F68F5-45A8-4732-BF43-6FC892F1E1DC}.Release|Any CPU.ActiveCfg = Release|Any CPU
		{056F68F5-45A8-4732-BF43-6FC892F1E1DC}.Release|Any CPU.Build.0 = Release|Any CPU
	EndGlobalSection
	GlobalSection(SolutionProperties) = preSolution
		HideSolutionNode = FALSE
	EndGlobalSection
	GlobalSection(ExtensibilityGlobals) = postSolution
		SolutionGuid = {95898664-7670-4CF8-91B9-6395EFB998A3}
	EndGlobalSection
EndGlobal
